
Microsoft Visual Studio Solution File, Format Version 12.00
# Visual Studio Version 17
VisualStudioVersion = 17.6.33723.286
MinimumVisualStudioVersion = 10.0.40219.1
Project("{9A19103F-16F7-4668-BE54-9A1E7A4F7556}") = "Question1", "Question1\Question1.csproj", "{8317EE6A-AD7C-47A3-A95A-13A90112B102}"
EndProject
Project("{9A19103F-16F7-4668-BE54-9A1E7A4F7556}") = "Question2", "Question2\Question2.csproj", "{7A552608-0C75-4AFD-81D2-A06206298447}"
EndProject
Global
	GlobalSection(SolutionConfigurationPlatforms) = preSolution
		Debug|Any CPU = Debug|Any CPU
		Release|Any CPU = Release|Any CPU
	EndGlobalSection
	GlobalSection(ProjectConfigurationPlatforms) = postSolution
		{8317EE6A-AD7C-47A3-A95A-13A90112B102}.Debug|Any CPU.ActiveCfg = Debug|Any CPU
		{8317EE6A-AD7C-47A3-A95A-13A90112B102}.Debug|Any CPU.Build.0 = Debug|Any CPU
		{8317EE6A-AD7C-47A3-A95A-13A90112B102}.Release|Any CPU.ActiveCfg = Release|Any CPU
		{8317EE6A-AD7C-47A3-A95A-13A90112B102}.Release|Any CPU.Build.0 = Release|Any CPU
		{7A552608-0C75-4AFD-81D2-A06206298447}.Debug|Any CPU.ActiveCfg = Debug|Any CPU
		{7A552608-0C75-4AFD-81D2-A06206298447}.Debug|Any CPU.Build.0 = Debug|Any CPU
		{7A552608-0C75-4AFD-81D2-A06206298447}.Release|Any CPU.ActiveCfg = Release|Any CPU
		{7A552608-0C75-4AFD-81D2-A06206298447}.Release|Any CPU.Build.0 = Release|Any CPU
	EndGlobalSection
	GlobalSection(SolutionProperties) = preSolution
		HideSolutionNode = FALSE
	EndGlobalSection
	GlobalSection(ExtensibilityGlobals) = postSolution
		SolutionGuid = {6D53193B-03A7-41B8-BA76-F872B8236B3E}
	EndGlobalSection
EndGlobal
